// !$*UTF8*$!
{
	archiveVersion = 1;
	classes = {
	};
	objectVersion = 46;
	objects = {

/* Begin PBXBuildFile section */
		23A8B1C9B143394841D807BE /* Pods_AugmentedRealityPOI.framework in Frameworks */ = {isa = PBXBuildFile; fileRef = FA6DE977534E01BED9AAADF8 /* Pods_AugmentedRealityPOI.framework */; };
		279A0E951DD339B900AED72E /* AppDelegate.swift in Sources */ = {isa = PBXBuildFile; fileRef = 279A0E941DD339B900AED72E /* AppDelegate.swift */; };
		279A0E971DD339B900AED72E /* ViewController.swift in Sources */ = {isa = PBXBuildFile; fileRef = 279A0E961DD339B900AED72E /* ViewController.swift */; };
		279A0E9A1DD339B900AED72E /* Main.storyboard in Resources */ = {isa = PBXBuildFile; fileRef = 279A0E981DD339B900AED72E /* Main.storyboard */; };
		279A0E9C1DD339B900AED72E /* Assets.xcassets in Resources */ = {isa = PBXBuildFile; fileRef = 279A0E9B1DD339B900AED72E /* Assets.xcassets */; };
/* End PBXBuildFile section */

/* Begin PBXFileReference section */
		279A0E911DD339B900AED72E /* AugmentedRealityPOI.app */ = {isa = PBXFileReference; explicitFileType = wrapper.application; includeInIndex = 0; path = AugmentedRealityPOI.app; sourceTree = BUILT_PRODUCTS_DIR; };
		279A0E941DD339B900AED72E /* AppDelegate.swift */ = {isa = PBXFileReference; lastKnownFileType = sourcecode.swift; path = AppDelegate.swift; sourceTree = "<group>"; };
		279A0E961DD339B900AED72E /* ViewController.swift */ = {isa = PBXFileReference; lastKnownFileType = sourcecode.swift; path = ViewController.swift; sourceTree = "<group>"; };
		279A0E991DD339B900AED72E /* Base */ = {isa = PBXFileReference; lastKnownFileType = file.storyboard; name = Base; path = Base.lproj/Main.storyboard; sourceTree = "<group>"; };
		279A0E9B1DD339B900AED72E /* Assets.xcassets */ = {isa = PBXFileReference; lastKnownFileType = folder.assetcatalog; path = Assets.xcassets; sourceTree = "<group>"; };
		279A0EA01DD339B900AED72E /* Info.plist */ = {isa = PBXFileReference; lastKnownFileType = text.plist.xml; path = Info.plist; sourceTree = "<group>"; };
		B67EE9385B5330C55C4E9055 /* Pods-AugmentedRealityPOI.debug.xcconfig */ = {isa = PBXFileReference; includeInIndex = 1; lastKnownFileType = text.xcconfig; name = "Pods-AugmentedRealityPOI.debug.xcconfig"; path = "Pods/Target Support Files/Pods-AugmentedRealityPOI/Pods-AugmentedRealityPOI.debug.xcconfig"; sourceTree = "<group>"; };
		C18D7BA0C334AD67E17D9642 /* Pods-AugmentedRealityPOI.release.xcconfig */ = {isa = PBXFileReference; includeInIndex = 1; lastKnownFileType = text.xcconfig; name = "Pods-AugmentedRealityPOI.release.xcconfig"; path = "Pods/Target Support Files/Pods-AugmentedRealityPOI/Pods-AugmentedRealityPOI.release.xcconfig"; sourceTree = "<group>"; };
		FA6DE977534E01BED9AAADF8 /* Pods_AugmentedRealityPOI.framework */ = {isa = PBXFileReference; explicitFileType = wrapper.framework; includeInIndex = 0; path = Pods_AugmentedRealityPOI.framework; sourceTree = BUILT_PRODUCTS_DIR; };
/* End PBXFileReference section */

/* Begin PBXFrameworksBuildPhase section */
		279A0E8E1DD339B900AED72E /* Frameworks */ = {
			isa = PBXFrameworksBuildPhase;
			buildActionMask = 2147483647;
			files = (
				23A8B1C9B143394841D807BE /* Pods_AugmentedRealityPOI.framework in Frameworks */,
			);
			runOnlyForDeploymentPostprocessing = 0;
		};
/* End PBXFrameworksBuildPhase section */

/* Begin PBXGroup section */
		134EDB550B8DE96C98752251 /* Pods */ = {
			isa = PBXGroup;
			children = (
				B67EE9385B5330C55C4E9055 /* Pods-AugmentedRealityPOI.debug.xcconfig */,
				C18D7BA0C334AD67E17D9642 /* Pods-AugmentedRealityPOI.release.xcconfig */,
			);
			name = Pods;
			sourceTree = "<group>";
		};
		279A0E881DD339B800AED72E = {
			isa = PBXGroup;
			children = (
				279A0E931DD339B900AED72E /* AugmentedRealityPOI */,
				279A0E921DD339B900AED72E /* Products */,
				134EDB550B8DE96C98752251 /* Pods */,
				BC87F6CBD786569F6FEC333B /* Frameworks */,
			);
			sourceTree = "<group>";
		};
		279A0E921DD339B900AED72E /* Products */ = {
			isa = PBXGroup;
			children = (
				279A0E911DD339B900AED72E /* AugmentedRealityPOI.app */,
			);
			name = Products;
			sourceTree = "<group>";
		};
		279A0E931DD339B900AED72E /* AugmentedRealityPOI */ = {
			isa = PBXGroup;
			children = (
				279A0E941DD339B900AED72E /* AppDelegate.swift */,
				279A0EA71DD339C600AED72E /* Model */,
				279A0EA81DD339CC00AED72E /* View */,
				279A0EA61DD339BF00AED72E /* Controller */,
				279A0E981DD339B900AED72E /* Main.storyboard */,
				279A0E9B1DD339B900AED72E /* Assets.xcassets */,
				279A0EA01DD339B900AED72E /* Info.plist */,
			);
			path = AugmentedRealityPOI;
			sourceTree = "<group>";
		};
		279A0EA61DD339BF00AED72E /* Controller */ = {
			isa = PBXGroup;
			children = (
				279A0E961DD339B900AED72E /* ViewController.swift */,
			);
			name = Controller;
			sourceTree = "<group>";
		};
		279A0EA71DD339C600AED72E /* Model */ = {
			isa = PBXGroup;
			children = (
			);
			name = Model;
			sourceTree = "<group>";
		};
		279A0EA81DD339CC00AED72E /* View */ = {
			isa = PBXGroup;
			children = (
			);
			name = View;
			sourceTree = "<group>";
		};
		BC87F6CBD786569F6FEC333B /* Frameworks */ = {
			isa = PBXGroup;
			children = (
				FA6DE977534E01BED9AAADF8 /* Pods_AugmentedRealityPOI.framework */,
			);
			name = Frameworks;
			sourceTree = "<group>";
		};
/* End PBXGroup section */

/* Begin PBXNativeTarget section */
		279A0E901DD339B900AED72E /* AugmentedRealityPOI */ = {
			isa = PBXNativeTarget;
			buildConfigurationList = 279A0EA31DD339B900AED72E /* Build configuration list for PBXNativeTarget "AugmentedRealityPOI" */;
			buildPhases = (
				5906DD60BE9B114763C3500D /* [CP] Check Pods Manifest.lock */,
				279A0E8D1DD339B900AED72E /* Sources */,
				279A0E8E1DD339B900AED72E /* Frameworks */,
				279A0E8F1DD339B900AED72E /* Resources */,
				E35D8E0DBEEF1376AD4C2838 /* [CP] Embed Pods Frameworks */,
				94DFED5A9CA91DA5B4FA33D1 /* [CP] Copy Pods Resources */,
			);
			buildRules = (
			);
			dependencies = (
			);
			name = AugmentedRealityPOI;
			productName = AugmentedRealityPOI;
			productReference = 279A0E911DD339B900AED72E /* AugmentedRealityPOI.app */;
			productType = "com.apple.product-type.application";
		};
/* End PBXNativeTarget section */

/* Begin PBXProject section */
		279A0E891DD339B800AED72E /* Project object */ = {
			isa = PBXProject;
			attributes = {
				LastSwiftUpdateCheck = 0810;
				LastUpgradeCheck = 0810;
				ORGANIZATIONNAME = "Fares Ben Hamouda";
				TargetAttributes = {
					279A0E901DD339B900AED72E = {
						CreatedOnToolsVersion = 8.1;
						DevelopmentTeam = EA6VV6W3P4;
						ProvisioningStyle = Automatic;
					};
				};
			};
			buildConfigurationList = 279A0E8C1DD339B800AED72E /* Build configuration list for PBXProject "AugmentedRealityPOI" */;
			compatibilityVersion = "Xcode 3.2";
			developmentRegion = English;
			hasScannedForEncodings = 0;
			knownRegions = (
				en,
				Base,
			);
			mainGroup = 279A0E881DD339B800AED72E;
			productRefGroup = 279A0E921DD339B900AED72E /* Products */;
			projectDirPath = "";
			projectRoot = "";
			targets = (
				279A0E901DD339B900AED72E /* AugmentedRealityPOI */,
			);
		};
/* End PBXProject section */

/* Begin PBXResourcesBuildPhase section */
		279A0E8F1DD339B900AED72E /* Resources */ = {
			isa = PBXResourcesBuildPhase;
			buildActionMask = 2147483647;
			files = (
				279A0E9C1DD339B900AED72E /* Assets.xcassets in Resources */,
				279A0E9A1DD339B900AED72E /* Main.storyboard in Resources */,
			);
			runOnlyForDeploymentPostprocessing = 0;
		};
/* End PBXResourcesBuildPhase section */

/* Begin PBXShellScriptBuildPhase section */
		5906DD60BE9B114763C3500D /* [CP] Check Pods Manifest.lock */ = {
			isa = PBXShellScriptBuildPhase;
			buildActionMask = 2147483647;
			files = (
			);
			inputPaths = (
			);
			name = "[CP] Check Pods Manifest.lock";
			outputPaths = (
			);
			runOnlyForDeploymentPostprocessing = 0;
			shellPath = /bin/sh;
			shellScript = "diff \"${PODS_ROOT}/../Podfile.lock\" \"${PODS_ROOT}/Manifest.lock\" > /dev/null\nif [ $? != 0 ] ; then\n    # print error to STDERR\n    echo \"error: The sandbox is not in sync with the Podfile.lock. Run 'pod install' or update your CocoaPods installation.\" >&2\n    exit 1\nfi\n";
			showEnvVarsInLog = 0;
		};
		94DFED5A9CA91DA5B4FA33D1 /* [CP] Copy Pods Resources */ = {
			isa = PBXShellScriptBuildPhase;
			buildActionMask = 2147483647;
			files = (
			);
			inputPaths = (
			);
			name = "[CP] Copy Pods Resources";
			outputPaths = (
			);
			runOnlyForDeploymentPostprocessing = 0;
			shellPath = /bin/sh;
			shellScript = "\"${SRCROOT}/Pods/Target Support Files/Pods-AugmentedRealityPOI/Pods-AugmentedRealityPOI-resources.sh\"\n";
			showEnvVarsInLog = 0;
		};
		E35D8E0DBEEF1376AD4C2838 /* [CP] Embed Pods Frameworks */ = {
			isa = PBXShellScriptBuildPhase;
			buildActionMask = 2147483647;
			files = (
			);
			inputPaths = (
			);
			name = "[CP] Embed Pods Frameworks";
			outputPaths = (
			);
			runOnlyForDeploymentPostprocessing = 0;
			shellPath = /bin/sh;
			shellScript = "\"${SRCROOT}/Pods/Target Support Files/Pods-AugmentedRealityPOI/Pods-AugmentedRealityPOI-frameworks.sh\"\n";
			showEnvVarsInLog = 0;
		};
/* End PBXShellScriptBuildPhase section */

/* Begin PBXSourcesBuildPhase section */
		279A0E8D1DD339B900AED72E /* Sources */ = {
			isa = PBXSourcesBuildPhase;
			buildActionMask = 2147483647;
			files = (
				279A0E971DD339B900AED72E /* ViewController.swift in Sources */,
				279A0E951DD339B900AED72E /* AppDelegate.swift in Sources */,
			);
			runOnlyForDeploymentPostprocessing = 0;
		};
/* End PBXSourcesBuildPhase section */

/* Begin PBXVariantGroup section */
		279A0E981DD339B900AED72E /* Main.storyboard */ = {
			isa = PBXVariantGroup;
			children = (
				279A0E991DD339B900AED72E /* Base */,
			);
			name = Main.storyboard;
			sourceTree = "<group>";
		};
/* End PBXVariantGroup section */

/* Begin XCBuildConfiguration section */
		279A0EA11DD339B900AED72E /* Debug */ = {
			isa = XCBuildConfiguration;
			buildSettings = {
				ALWAYS_SEARCH_USER_PATHS = NO;
				CLANG_ANALYZER_NONNULL = YES;
				CLANG_CXX_LANGUAGE_STANDARD = "gnu++0x";
				CLANG_CXX_LIBRARY = "libc++";
				CLANG_ENABLE_MODULES = YES;
				CLANG_ENABLE_OBJC_ARC = YES;
				CLANG_WARN_BOOL_CONVERSION = YES;
				CLANG_WARN_CONSTANT_CONVERSION = YES;
				CLANG_WARN_DIRECT_OBJC_ISA_USAGE = YES_ERROR;
				CLANG_WARN_DOCUMENTATION_COMMENTS = YES;
				CLANG_WARN_EMPTY_BODY = YES;
				CLANG_WARN_ENUM_CONVERSION = YES;
				CLANG_WARN_INFINITE_RECURSION = YES;
				CLANG_WARN_INT_CONVERSION = YES;
				CLANG_WARN_OBJC_ROOT_CLASS = YES_ERROR;
				CLANG_WARN_SUSPICIOUS_MOVES = YES;
				CLANG_WARN_UNREACHABLE_CODE = YES;
				CLANG_WARN__DUPLICATE_METHOD_MATCH = YES;
				"CODE_SIGN_IDENTITY[sdk=iphoneos*]" = "iPhone Developer";
				COPY_PHASE_STRIP = NO;
				DEBUG_INFORMATION_FORMAT = dwarf;
				ENABLE_STRICT_OBJC_MSGSEND = YES;
				ENABLE_TESTABILITY = YES;
				GCC_C_LANGUAGE_STANDARD = gnu99;
				GCC_DYNAMIC_NO_PIC = NO;
				GCC_NO_COMMON_BLOCKS = YES;
				GCC_OPTIMIZATION_LEVEL = 0;
				GCC_PREPROCESSOR_DEFINITIONS = (
					"DEBUG=1",
					"$(inherited)",
				);
				GCC_WARN_64_TO_32_BIT_CONVERSION = YES;
				GCC_WARN_ABOUT_RETURN_TYPE = YES_ERROR;
				GCC_WARN_UNDECLARED_SELECTOR = YES;
				GCC_WARN_UNINITIALIZED_AUTOS = YES_AGGRESSIVE;
				GCC_WARN_UNUSED_FUNCTION = YES;
				GCC_WARN_UNUSED_VARIABLE = YES;
				IPHONEOS_DEPLOYMENT_TARGET = 10.1;
				MTL_ENABLE_DEBUG_INFO = YES;
				ONLY_ACTIVE_ARCH = YES;
				SDKROOT = iphoneos;
				SWIFT_ACTIVE_COMPILATION_CONDITIONS = DEBUG;
				SWIFT_OPTIMIZATION_LEVEL = "-Onone";
			};
			name = Debug;
		};
		279A0EA21DD339B900AED72E /* Release */ = {
			isa = XCBuildConfiguration;
			buildSettings = {
				ALWAYS_SEARCH_USER_PATHS = NO;
				CLANG_ANALYZER_NONNULL = YES;
				CLANG_CXX_LANGUAGE_STANDARD = "gnu++0x";
				CLANG_CXX_LIBRARY = "libc++";
				CLANG_ENABLE_MODULES = YES;
				CLANG_ENABLE_OBJC_ARC = YES;
				CLANG_WARN_BOOL_CONVERSION = YES;
				CLANG_WARN_CONSTANT_CONVERSION = YES;
				CLANG_WARN_DIRECT_OBJC_ISA_USAGE = YES_ERROR;
				CLANG_WARN_DOCUMENTATION_COMMENTS = YES;
				CLANG_WARN_EMPTY_BODY = YES;
				CLANG_WARN_ENUM_CONVERSION = YES;
				CLANG_WARN_INFINITE_RECURSION = YES;
				CLANG_WARN_INT_CONVERSION = YES;
				CLANG_WARN_OBJC_ROOT_CLASS = YES_ERROR;
				CLANG_WARN_SUSPICIOUS_MOVES = YES;
				CLANG_WARN_UNREACHABLE_CODE = YES;
				CLANG_WARN__DUPLICATE_METHOD_MATCH = YES;
				"CODE_SIGN_IDENTITY[sdk=iphoneos*]" = "iPhone Developer";
				COPY_PHASE_STRIP = NO;
				DEBUG_INFORMATION_FORMAT = "dwarf-with-dsym";
				ENABLE_NS_ASSERTIONS = NO;
				ENABLE_STRICT_OBJC_MSGSEND = YES;
				GCC_C_LANGUAGE_STANDARD = gnu99;
				GCC_NO_COMMON_BLOCKS = YES;
				GCC_WARN_64_TO_32_BIT_CONVERSION = YES;
				GCC_WARN_ABOUT_RETURN_TYPE = YES_ERROR;
				GCC_WARN_UNDECLARED_SELECTOR = YES;
				GCC_WARN_UNINITIALIZED_AUTOS = YES_AGGRESSIVE;
				GCC_WARN_UNUSED_FUNCTION = YES;
				GCC_WARN_UNUSED_VARIABLE = YES;
				IPHONEOS_DEPLOYMENT_TARGET = 10.1;
				MTL_ENABLE_DEBUG_INFO = NO;
				SDKROOT = iphoneos;
				SWIFT_OPTIMIZATION_LEVEL = "-Owholemodule";
				VALIDATE_PRODUCT = YES;
			};
			name = Release;
		};
		279A0EA41DD339B900AED72E /* Debug */ = {
			isa = XCBuildConfiguration;
			baseConfigurationReference = B67EE9385B5330C55C4E9055 /* Pods-AugmentedRealityPOI.debug.xcconfig */;
			buildSettings = {
				ASSETCATALOG_COMPILER_APPICON_NAME = AppIcon;
				DEVELOPMENT_TEAM = EA6VV6W3P4;
				INFOPLIST_FILE = AugmentedRealityPOI/Info.plist;
				LD_RUNPATH_SEARCH_PATHS = "$(inherited) @executable_path/Frameworks";
				PRODUCT_BUNDLE_IDENTIFIER = com.fares.AugmentedRealityPOI;
				PRODUCT_NAME = "$(TARGET_NAME)";
				SWIFT_VERSION = 3.0;
			};
			name = Debug;
		};
		279A0EA51DD339B900AED72E /* Release */ = {
			isa = XCBuildConfiguration;
			baseConfigurationReference = C18D7BA0C334AD67E17D9642 /* Pods-AugmentedRealityPOI.release.xcconfig */;
			buildSettings = {
				ASSETCATALOG_COMPILER_APPICON_NAME = AppIcon;
				DEVELOPMENT_TEAM = EA6VV6W3P4;
				INFOPLIST_FILE = AugmentedRealityPOI/Info.plist;
				LD_RUNPATH_SEARCH_PATHS = "$(inherited) @executable_path/Frameworks";
				PRODUCT_BUNDLE_IDENTIFIER = com.fares.AugmentedRealityPOI;
				PRODUCT_NAME = "$(TARGET_NAME)";
				SWIFT_VERSION = 3.0;
			};
			name = Release;
		};
/* End XCBuildConfiguration section */

/* Begin XCConfigurationList section */
		279A0E8C1DD339B800AED72E /* Build configuration list for PBXProject "AugmentedRealityPOI" */ = {
			isa = XCConfigurationList;
			buildConfigurations = (
				279A0EA11DD339B900AED72E /* Debug */,
				279A0EA21DD339B900AED72E /* Release */,
			);
			defaultConfigurationIsVisible = 0;
			defaultConfigurationName = Release;
		};
		279A0EA31DD339B900AED72E /* Build configuration list for PBXNativeTarget "AugmentedRealityPOI" */ = {
			isa = XCConfigurationList;
			buildConfigurations = (
				279A0EA41DD339B900AED72E /* Debug */,
				279A0EA51DD339B900AED72E /* Release */,
			);
			defaultConfigurationIsVisible = 0;
			defaultConfigurationName = Release;
		};
/* End XCConfigurationList section */
	};
	rootObject = 279A0E891DD339B800AED72E /* Project object */;
}
